
Microsoft Visual Studio Solution File, Format Version 12.00
# Visual Studio Version 17
VisualStudioVersion = 17.7.34024.191
MinimumVisualStudioVersion = 10.0.40219.1
Project("{9A19103F-16F7-4668-BE54-9A1E7A4F7556}") = "TMDLVSCodeProxy", "TMDLVSCodeProxy.csproj", "{04D07EDC-C594-40B4-8336-41CBF5D07EEE}"
EndProject
Project("{FAE04EC0-301F-11D3-BF4B-00C04F79EFBC}") = "TMDLVSCodeConsoleProxy", "..\TMDLVSCodeConsoleProxy\TMDLVSCodeConsoleProxy.csproj", "{BC78CDE4-68FF-4961-9BE3-476006DD324D}"
EndProject
Global
	GlobalSection(SolutionConfigurationPlatforms) = preSolution
		Debug|Any CPU = Debug|Any CPU
		Release|Any CPU = Release|Any CPU
	EndGlobalSection
	GlobalSection(ProjectConfigurationPlatforms) = postSolution
		{04D07EDC-C594-40B4-8336-41CBF5D07EEE}.Debug|Any CPU.ActiveCfg = Debug|Any CPU
		{04D07EDC-C594-40B4-8336-41CBF5D07EEE}.Debug|Any CPU.Build.0 = Debug|Any CPU
		{04D07EDC-C594-40B4-8336-41CBF5D07EEE}.Release|Any CPU.ActiveCfg = Release|Any CPU
		{04D07EDC-C594-40B4-8336-41CBF5D07EEE}.Release|Any CPU.Build.0 = Release|Any CPU
		{BC78CDE4-68FF-4961-9BE3-476006DD324D}.Debug|Any CPU.ActiveCfg = Debug|Any CPU
		{BC78CDE4-68FF-4961-9BE3-476006DD324D}.Debug|Any CPU.Build.0 = Debug|Any CPU
		{BC78CDE4-68FF-4961-9BE3-476006DD324D}.Release|Any CPU.ActiveCfg = Release|Any CPU
		{BC78CDE4-68FF-4961-9BE3-476006DD324D}.Release|Any CPU.Build.0 = Release|Any CPU
	EndGlobalSection
	GlobalSection(SolutionProperties) = preSolution
		HideSolutionNode = FALSE
	EndGlobalSection
	GlobalSection(ExtensibilityGlobals) = postSolution
		SolutionGuid = {6B0C9DCE-0AD4-4667-8AF8-E065A37C7C08}
	EndGlobalSection
EndGlobal
